// !$*UTF8*$!
{
	archiveVersion = 1;
	classes = {
	};
	objectVersion = 56;
	objects = {

/* Begin PBXBuildFile section */
		C2939EE12AA132CB00B6F9B1 /* AppDelegate.swift in Sources */ = {isa = PBXBuildFile; fileRef = C2939EE02AA132CB00B6F9B1 /* AppDelegate.swift */; };
		C2939EE32AA132CB00B6F9B1 /* SceneDelegate.swift in Sources */ = {isa = PBXBuildFile; fileRef = C2939EE22AA132CB00B6F9B1 /* SceneDelegate.swift */; };
		C2939EE52AA132CB00B6F9B1 /* ViewController.swift in Sources */ = {isa = PBXBuildFile; fileRef = C2939EE42AA132CB00B6F9B1 /* ViewController.swift */; };
		C2939EE82AA132CB00B6F9B1 /* Main.storyboard in Resources */ = {isa = PBXBuildFile; fileRef = C2939EE62AA132CB00B6F9B1 /* Main.storyboard */; };
		C2939EEA2AA132CC00B6F9B1 /* Assets.xcassets in Resources */ = {isa = PBXBuildFile; fileRef = C2939EE92AA132CC00B6F9B1 /* Assets.xcassets */; };
		C2939EED2AA132CC00B6F9B1 /* LaunchScreen.storyboard in Resources */ = {isa = PBXBuildFile; fileRef = C2939EEB2AA132CC00B6F9B1 /* LaunchScreen.storyboard */; };
		C2939EF62AA78A4900B6F9B1 /* DataModel.swift in Sources */ = {isa = PBXBuildFile; fileRef = C2939EF52AA78A4900B6F9B1 /* DataModel.swift */; };
		C2939EF82AA78A6300B6F9B1 /* DataStructures.swift in Sources */ = {isa = PBXBuildFile; fileRef = C2939EF72AA78A6300B6F9B1 /* DataStructures.swift */; };
		C297BE2A2AA96BF000AE0592 /* Strings.swift in Sources */ = {isa = PBXBuildFile; fileRef = C297BE292AA96BF000AE0592 /* Strings.swift */; };
		C297BE2C2AA96C4F00AE0592 /* Colors.swift in Sources */ = {isa = PBXBuildFile; fileRef = C297BE2B2AA96C4F00AE0592 /* Colors.swift */; };
		C297BE2E2AA96CE700AE0592 /* README.md in Resources */ = {isa = PBXBuildFile; fileRef = C297BE2D2AA96CE700AE0592 /* README.md */; };
		C297BE722AA98B6C00AE0592 /* hw1_testcase2.png in Resources */ = {isa = PBXBuildFile; fileRef = C297BE5E2AA98B6C00AE0592 /* hw1_testcase2.png */; };
		C297BE732AA98B6C00AE0592 /* hw1_testcase13.png in Resources */ = {isa = PBXBuildFile; fileRef = C297BE5F2AA98B6C00AE0592 /* hw1_testcase13.png */; };
		C297BE742AA98B6C00AE0592 /* hw1_testcase10.png in Resources */ = {isa = PBXBuildFile; fileRef = C297BE602AA98B6C00AE0592 /* hw1_testcase10.png */; };
		C297BE752AA98B6C00AE0592 /* hw1_testcase20.png in Resources */ = {isa = PBXBuildFile; fileRef = C297BE612AA98B6C00AE0592 /* hw1_testcase20.png */; };
		C297BE762AA98B6C00AE0592 /* hw1_testcase4.png in Resources */ = {isa = PBXBuildFile; fileRef = C297BE622AA98B6C00AE0592 /* hw1_testcase4.png */; };
		C297BE772AA98B6C00AE0592 /* hw1_testcase5.png in Resources */ = {isa = PBXBuildFile; fileRef = C297BE632AA98B6C00AE0592 /* hw1_testcase5.png */; };
		C297BE782AA98B6C00AE0592 /* hw1_testcase8.png in Resources */ = {isa = PBXBuildFile; fileRef = C297BE642AA98B6C00AE0592 /* hw1_testcase8.png */; };
		C297BE792AA98B6C00AE0592 /* hw1_testcase12.png in Resources */ = {isa = PBXBuildFile; fileRef = C297BE652AA98B6C00AE0592 /* hw1_testcase12.png */; };
		C297BE7A2AA98B6C00AE0592 /* hw1_testcase15.png in Resources */ = {isa = PBXBuildFile; fileRef = C297BE662AA98B6C00AE0592 /* hw1_testcase15.png */; };
		C297BE7B2AA98B6C00AE0592 /* hw1_testcase6.png in Resources */ = {isa = PBXBuildFile; fileRef = C297BE672AA98B6C00AE0592 /* hw1_testcase6.png */; };
		C297BE7C2AA98B6C00AE0592 /* hw1_testcase17.png in Resources */ = {isa = PBXBuildFile; fileRef = C297BE682AA98B6C00AE0592 /* hw1_testcase17.png */; };
		C297BE7D2AA98B6C00AE0592 /* hw1_testcase18.png in Resources */ = {isa = PBXBuildFile; fileRef = C297BE692AA98B6C00AE0592 /* hw1_testcase18.png */; };
		C297BE7E2AA98B6C00AE0592 /* hw1_testcase9.png in Resources */ = {isa = PBXBuildFile; fileRef = C297BE6A2AA98B6C00AE0592 /* hw1_testcase9.png */; };
		C297BE7F2AA98B6C00AE0592 /* hw1_testcase19.png in Resources */ = {isa = PBXBuildFile; fileRef = C297BE6B2AA98B6C00AE0592 /* hw1_testcase19.png */; };
		C297BE802AA98B6C00AE0592 /* hw1_testcase7.png in Resources */ = {isa = PBXBuildFile; fileRef = C297BE6C2AA98B6C00AE0592 /* hw1_testcase7.png */; };
		C297BE812AA98B6C00AE0592 /* hw1_testcase16.png in Resources */ = {isa = PBXBuildFile; fileRef = C297BE6D2AA98B6C00AE0592 /* hw1_testcase16.png */; };
		C297BE822AA98B6C00AE0592 /* hw1_testcase14.png in Resources */ = {isa = PBXBuildFile; fileRef = C297BE6E2AA98B6C00AE0592 /* hw1_testcase14.png */; };
		C297BE832AA98B6C00AE0592 /* hw1_testcase3.png in Resources */ = {isa = PBXBuildFile; fileRef = C297BE6F2AA98B6C00AE0592 /* hw1_testcase3.png */; };
		C297BE842AA98B6C00AE0592 /* hw1_testcase11.png in Resources */ = {isa = PBXBuildFile; fileRef = C297BE702AA98B6C00AE0592 /* hw1_testcase11.png */; };
		C297BE852AA98B6C00AE0592 /* hw1_testcase1.png in Resources */ = {isa = PBXBuildFile; fileRef = C297BE712AA98B6C00AE0592 /* hw1_testcase1.png */; };
		C297BE872AA98B7900AE0592 /* hw1_testcase21.png in Resources */ = {isa = PBXBuildFile; fileRef = C297BE862AA98B7900AE0592 /* hw1_testcase21.png */; };
		C2B3631F2AAFD651007D4A6F /* DukePersonVC.swift in Sources */ = {isa = PBXBuildFile; fileRef = C2B3631D2AAFD651007D4A6F /* DukePersonVC.swift */; };
		C2B363222AAFED5E007D4A6F /* DukePersonView.xib in Resources */ = {isa = PBXBuildFile; fileRef = C2B363212AAFED5E007D4A6F /* DukePersonView.xib */; };
		C2C34C072AB0006500E7B201 /* GetPath.swift in Sources */ = {isa = PBXBuildFile; fileRef = C2C34C062AB0006400E7B201 /* GetPath.swift */; };
		C2C34C0D2AB0303B00E7B201 /* GradientImageView.swift in Sources */ = {isa = PBXBuildFile; fileRef = C2C34C0C2AB0303B00E7B201 /* GradientImageView.swift */; };
		C2C34C102AB0FEFA00E7B201 /* BackgroundRemoval in Frameworks */ = {isa = PBXBuildFile; productRef = C2C34C0F2AB0FEFA00E7B201 /* BackgroundRemoval */; };
/* End PBXBuildFile section */

/* Begin PBXFileReference section */
		C2939EDD2AA132CB00B6F9B1 /* Hugo.app */ = {isa = PBXFileReference; explicitFileType = wrapper.application; includeInIndex = 0; path = Hugo.app; sourceTree = BUILT_PRODUCTS_DIR; };
		C2939EE02AA132CB00B6F9B1 /* AppDelegate.swift */ = {isa = PBXFileReference; lastKnownFileType = sourcecode.swift; path = AppDelegate.swift; sourceTree = "<group>"; };
		C2939EE22AA132CB00B6F9B1 /* SceneDelegate.swift */ = {isa = PBXFileReference; lastKnownFileType = sourcecode.swift; path = SceneDelegate.swift; sourceTree = "<group>"; };
		C2939EE42AA132CB00B6F9B1 /* ViewController.swift */ = {isa = PBXFileReference; lastKnownFileType = sourcecode.swift; path = ViewController.swift; sourceTree = "<group>"; };
		C2939EE72AA132CB00B6F9B1 /* Base */ = {isa = PBXFileReference; lastKnownFileType = file.storyboard; name = Base; path = Base.lproj/Main.storyboard; sourceTree = "<group>"; };
		C2939EE92AA132CC00B6F9B1 /* Assets.xcassets */ = {isa = PBXFileReference; lastKnownFileType = folder.assetcatalog; path = Assets.xcassets; sourceTree = "<group>"; };
		C2939EEC2AA132CC00B6F9B1 /* Base */ = {isa = PBXFileReference; lastKnownFileType = file.storyboard; name = Base; path = Base.lproj/LaunchScreen.storyboard; sourceTree = "<group>"; };
		C2939EEE2AA132CC00B6F9B1 /* Info.plist */ = {isa = PBXFileReference; lastKnownFileType = text.plist.xml; path = Info.plist; sourceTree = "<group>"; };
		C2939EF52AA78A4900B6F9B1 /* DataModel.swift */ = {isa = PBXFileReference; lastKnownFileType = sourcecode.swift; path = DataModel.swift; sourceTree = "<group>"; };
		C2939EF72AA78A6300B6F9B1 /* DataStructures.swift */ = {isa = PBXFileReference; lastKnownFileType = sourcecode.swift; path = DataStructures.swift; sourceTree = "<group>"; };
		C297BE292AA96BF000AE0592 /* Strings.swift */ = {isa = PBXFileReference; lastKnownFileType = sourcecode.swift; path = Strings.swift; sourceTree = "<group>"; };
		C297BE2B2AA96C4F00AE0592 /* Colors.swift */ = {isa = PBXFileReference; lastKnownFileType = sourcecode.swift; path = Colors.swift; sourceTree = "<group>"; };
		C297BE2D2AA96CE700AE0592 /* README.md */ = {isa = PBXFileReference; lastKnownFileType = net.daringfireball.markdown; path = README.md; sourceTree = "<group>"; };
		C297BE5E2AA98B6C00AE0592 /* hw1_testcase2.png */ = {isa = PBXFileReference; lastKnownFileType = image.png; path = hw1_testcase2.png; sourceTree = "<group>"; };
		C297BE5F2AA98B6C00AE0592 /* hw1_testcase13.png */ = {isa = PBXFileReference; lastKnownFileType = image.png; path = hw1_testcase13.png; sourceTree = "<group>"; };
		C297BE602AA98B6C00AE0592 /* hw1_testcase10.png */ = {isa = PBXFileReference; lastKnownFileType = image.png; path = hw1_testcase10.png; sourceTree = "<group>"; };
		C297BE612AA98B6C00AE0592 /* hw1_testcase20.png */ = {isa = PBXFileReference; lastKnownFileType = image.png; path = hw1_testcase20.png; sourceTree = "<group>"; };
		C297BE622AA98B6C00AE0592 /* hw1_testcase4.png */ = {isa = PBXFileReference; lastKnownFileType = image.png; path = hw1_testcase4.png; sourceTree = "<group>"; };
		C297BE632AA98B6C00AE0592 /* hw1_testcase5.png */ = {isa = PBXFileReference; lastKnownFileType = image.png; path = hw1_testcase5.png; sourceTree = "<group>"; };
		C297BE642AA98B6C00AE0592 /* hw1_testcase8.png */ = {isa = PBXFileReference; lastKnownFileType = image.png; path = hw1_testcase8.png; sourceTree = "<group>"; };
		C297BE652AA98B6C00AE0592 /* hw1_testcase12.png */ = {isa = PBXFileReference; lastKnownFileType = image.png; path = hw1_testcase12.png; sourceTree = "<group>"; };
		C297BE662AA98B6C00AE0592 /* hw1_testcase15.png */ = {isa = PBXFileReference; lastKnownFileType = image.png; path = hw1_testcase15.png; sourceTree = "<group>"; };
		C297BE672AA98B6C00AE0592 /* hw1_testcase6.png */ = {isa = PBXFileReference; lastKnownFileType = image.png; path = hw1_testcase6.png; sourceTree = "<group>"; };
		C297BE682AA98B6C00AE0592 /* hw1_testcase17.png */ = {isa = PBXFileReference; lastKnownFileType = image.png; path = hw1_testcase17.png; sourceTree = "<group>"; };
		C297BE692AA98B6C00AE0592 /* hw1_testcase18.png */ = {isa = PBXFileReference; lastKnownFileType = image.png; path = hw1_testcase18.png; sourceTree = "<group>"; };
		C297BE6A2AA98B6C00AE0592 /* hw1_testcase9.png */ = {isa = PBXFileReference; lastKnownFileType = image.png; path = hw1_testcase9.png; sourceTree = "<group>"; };
		C297BE6B2AA98B6C00AE0592 /* hw1_testcase19.png */ = {isa = PBXFileReference; lastKnownFileType = image.png; path = hw1_testcase19.png; sourceTree = "<group>"; };
		C297BE6C2AA98B6C00AE0592 /* hw1_testcase7.png */ = {isa = PBXFileReference; lastKnownFileType = image.png; path = hw1_testcase7.png; sourceTree = "<group>"; };
		C297BE6D2AA98B6C00AE0592 /* hw1_testcase16.png */ = {isa = PBXFileReference; lastKnownFileType = image.png; path = hw1_testcase16.png; sourceTree = "<group>"; };
		C297BE6E2AA98B6C00AE0592 /* hw1_testcase14.png */ = {isa = PBXFileReference; lastKnownFileType = image.png; path = hw1_testcase14.png; sourceTree = "<group>"; };
		C297BE6F2AA98B6C00AE0592 /* hw1_testcase3.png */ = {isa = PBXFileReference; lastKnownFileType = image.png; path = hw1_testcase3.png; sourceTree = "<group>"; };
		C297BE702AA98B6C00AE0592 /* hw1_testcase11.png */ = {isa = PBXFileReference; lastKnownFileType = image.png; path = hw1_testcase11.png; sourceTree = "<group>"; };
		C297BE712AA98B6C00AE0592 /* hw1_testcase1.png */ = {isa = PBXFileReference; lastKnownFileType = image.png; path = hw1_testcase1.png; sourceTree = "<group>"; };
		C297BE862AA98B7900AE0592 /* hw1_testcase21.png */ = {isa = PBXFileReference; lastKnownFileType = image.png; path = hw1_testcase21.png; sourceTree = "<group>"; };
		C2B3631D2AAFD651007D4A6F /* DukePersonVC.swift */ = {isa = PBXFileReference; lastKnownFileType = sourcecode.swift; path = DukePersonVC.swift; sourceTree = "<group>"; };
		C2B363212AAFED5E007D4A6F /* DukePersonView.xib */ = {isa = PBXFileReference; lastKnownFileType = file.xib; path = DukePersonView.xib; sourceTree = "<group>"; };
		C2C34C062AB0006400E7B201 /* GetPath.swift */ = {isa = PBXFileReference; lastKnownFileType = sourcecode.swift; path = GetPath.swift; sourceTree = "<group>"; };
		C2C34C0C2AB0303B00E7B201 /* GradientImageView.swift */ = {isa = PBXFileReference; lastKnownFileType = sourcecode.swift; path = GradientImageView.swift; sourceTree = "<group>"; };
/* End PBXFileReference section */

/* Begin PBXFrameworksBuildPhase section */
		C2939EDA2AA132CB00B6F9B1 /* Frameworks */ = {
			isa = PBXFrameworksBuildPhase;
			buildActionMask = 2147483647;
			files = (
				C2C34C102AB0FEFA00E7B201 /* BackgroundRemoval in Frameworks */,
			);
			runOnlyForDeploymentPostprocessing = 0;
		};
/* End PBXFrameworksBuildPhase section */

/* Begin PBXGroup section */
		C2939ED42AA132CB00B6F9B1 = {
			isa = PBXGroup;
			children = (
				C297BE302AA9800E00AE0592 /* Assets */,
				C297BE2D2AA96CE700AE0592 /* README.md */,
				C2939EDF2AA132CB00B6F9B1 /* DukePeople */,
				C2939EDE2AA132CB00B6F9B1 /* Products */,
			);
			sourceTree = "<group>";
		};
		C2939EDE2AA132CB00B6F9B1 /* Products */ = {
			isa = PBXGroup;
			children = (
				C2939EDD2AA132CB00B6F9B1 /* Hugo.app */,
			);
			name = Products;
			sourceTree = "<group>";
		};
		C2939EDF2AA132CB00B6F9B1 /* DukePeople */ = {
			isa = PBXGroup;
			children = (
				C2B363232AAFF29F007D4A6F /* Util */,
				C2B3631C2AAA1657007D4A6F /* View */,
				C297BE5B2AA9883A00AE0592 /* Controller */,
				C297BE282AA96BD500AE0592 /* Constant */,
				C2939EF42AA78A2200B6F9B1 /* Model */,
				C2939EE02AA132CB00B6F9B1 /* AppDelegate.swift */,
				C2939EE22AA132CB00B6F9B1 /* SceneDelegate.swift */,
				C2939EE92AA132CC00B6F9B1 /* Assets.xcassets */,
				C2939EEE2AA132CC00B6F9B1 /* Info.plist */,
			);
			path = DukePeople;
			sourceTree = "<group>";
		};
		C2939EF42AA78A2200B6F9B1 /* Model */ = {
			isa = PBXGroup;
			children = (
				C2939EF52AA78A4900B6F9B1 /* DataModel.swift */,
				C2939EF72AA78A6300B6F9B1 /* DataStructures.swift */,
			);
			path = Model;
			sourceTree = "<group>";
		};
		C297BE282AA96BD500AE0592 /* Constant */ = {
			isa = PBXGroup;
			children = (
				C297BE292AA96BF000AE0592 /* Strings.swift */,
				C297BE2B2AA96C4F00AE0592 /* Colors.swift */,
			);
			path = Constant;
			sourceTree = "<group>";
		};
		C297BE302AA9800E00AE0592 /* Assets */ = {
			isa = PBXGroup;
			children = (
				C297BE862AA98B7900AE0592 /* hw1_testcase21.png */,
				C297BE712AA98B6C00AE0592 /* hw1_testcase1.png */,
				C297BE5E2AA98B6C00AE0592 /* hw1_testcase2.png */,
				C297BE6F2AA98B6C00AE0592 /* hw1_testcase3.png */,
				C297BE622AA98B6C00AE0592 /* hw1_testcase4.png */,
				C297BE632AA98B6C00AE0592 /* hw1_testcase5.png */,
				C297BE672AA98B6C00AE0592 /* hw1_testcase6.png */,
				C297BE6C2AA98B6C00AE0592 /* hw1_testcase7.png */,
				C297BE642AA98B6C00AE0592 /* hw1_testcase8.png */,
				C297BE6A2AA98B6C00AE0592 /* hw1_testcase9.png */,
				C297BE602AA98B6C00AE0592 /* hw1_testcase10.png */,
				C297BE702AA98B6C00AE0592 /* hw1_testcase11.png */,
				C297BE652AA98B6C00AE0592 /* hw1_testcase12.png */,
				C297BE5F2AA98B6C00AE0592 /* hw1_testcase13.png */,
				C297BE6E2AA98B6C00AE0592 /* hw1_testcase14.png */,
				C297BE662AA98B6C00AE0592 /* hw1_testcase15.png */,
				C297BE6D2AA98B6C00AE0592 /* hw1_testcase16.png */,
				C297BE682AA98B6C00AE0592 /* hw1_testcase17.png */,
				C297BE692AA98B6C00AE0592 /* hw1_testcase18.png */,
				C297BE6B2AA98B6C00AE0592 /* hw1_testcase19.png */,
				C297BE612AA98B6C00AE0592 /* hw1_testcase20.png */,
			);
			path = Assets;
			sourceTree = "<group>";
		};
		C297BE5B2AA9883A00AE0592 /* Controller */ = {
			isa = PBXGroup;
			children = (
				C2939EE42AA132CB00B6F9B1 /* ViewController.swift */,
				C2B3631D2AAFD651007D4A6F /* DukePersonVC.swift */,
			);
			path = Controller;
			sourceTree = "<group>";
		};
		C2B3631C2AAA1657007D4A6F /* View */ = {
			isa = PBXGroup;
			children = (
				C2B363212AAFED5E007D4A6F /* DukePersonView.xib */,
				C2939EEB2AA132CC00B6F9B1 /* LaunchScreen.storyboard */,
				C2939EE62AA132CB00B6F9B1 /* Main.storyboard */,
			);
			path = View;
			sourceTree = "<group>";
		};
		C2B363232AAFF29F007D4A6F /* Util */ = {
			isa = PBXGroup;
			children = (
				C2C34C062AB0006400E7B201 /* GetPath.swift */,
				C2C34C0C2AB0303B00E7B201 /* GradientImageView.swift */,
			);
			path = Util;
			sourceTree = "<group>";
		};
/* End PBXGroup section */

/* Begin PBXNativeTarget section */
		C2939EDC2AA132CB00B6F9B1 /* Hugo */ = {
			isa = PBXNativeTarget;
			buildConfigurationList = C2939EF12AA132CC00B6F9B1 /* Build configuration list for PBXNativeTarget "Hugo" */;
			buildPhases = (
				C2939ED92AA132CB00B6F9B1 /* Sources */,
				C2939EDA2AA132CB00B6F9B1 /* Frameworks */,
				C2939EDB2AA132CB00B6F9B1 /* Resources */,
			);
			buildRules = (
			);
			dependencies = (
			);
			name = Hugo;
			packageProductDependencies = (
				C2C34C0F2AB0FEFA00E7B201 /* BackgroundRemoval */,
			);
			productName = DukePeople;
			productReference = C2939EDD2AA132CB00B6F9B1 /* Hugo.app */;
			productType = "com.apple.product-type.application";
		};
/* End PBXNativeTarget section */

/* Begin PBXProject section */
		C2939ED52AA132CB00B6F9B1 /* Project object */ = {
			isa = PBXProject;
			attributes = {
				BuildIndependentTargetsInParallel = 1;
				LastSwiftUpdateCheck = 1430;
				LastUpgradeCheck = 1430;
				TargetAttributes = {
					C2939EDC2AA132CB00B6F9B1 = {
						CreatedOnToolsVersion = 14.3.1;
					};
				};
			};
			buildConfigurationList = C2939ED82AA132CB00B6F9B1 /* Build configuration list for PBXProject "DukePeople" */;
			compatibilityVersion = "Xcode 14.0";
			developmentRegion = en;
			hasScannedForEncodings = 0;
			knownRegions = (
				en,
				Base,
			);
			mainGroup = C2939ED42AA132CB00B6F9B1;
			packageReferences = (
				C2C34C0E2AB0FEFA00E7B201 /* XCRemoteSwiftPackageReference "BackgroundRemoval" */,
			);
			productRefGroup = C2939EDE2AA132CB00B6F9B1 /* Products */;
			projectDirPath = "";
			projectRoot = "";
			targets = (
				C2939EDC2AA132CB00B6F9B1 /* Hugo */,
			);
		};
/* End PBXProject section */

/* Begin PBXResourcesBuildPhase section */
		C2939EDB2AA132CB00B6F9B1 /* Resources */ = {
			isa = PBXResourcesBuildPhase;
			buildActionMask = 2147483647;
			files = (
				C297BE852AA98B6C00AE0592 /* hw1_testcase1.png in Resources */,
				C297BE7F2AA98B6C00AE0592 /* hw1_testcase19.png in Resources */,
				C297BE762AA98B6C00AE0592 /* hw1_testcase4.png in Resources */,
				C297BE732AA98B6C00AE0592 /* hw1_testcase13.png in Resources */,
				C297BE782AA98B6C00AE0592 /* hw1_testcase8.png in Resources */,
				C297BE722AA98B6C00AE0592 /* hw1_testcase2.png in Resources */,
				C297BE872AA98B7900AE0592 /* hw1_testcase21.png in Resources */,
				C297BE752AA98B6C00AE0592 /* hw1_testcase20.png in Resources */,
				C2B363222AAFED5E007D4A6F /* DukePersonView.xib in Resources */,
				C297BE7A2AA98B6C00AE0592 /* hw1_testcase15.png in Resources */,
				C297BE772AA98B6C00AE0592 /* hw1_testcase5.png in Resources */,
				C297BE742AA98B6C00AE0592 /* hw1_testcase10.png in Resources */,
				C297BE7E2AA98B6C00AE0592 /* hw1_testcase9.png in Resources */,
				C297BE792AA98B6C00AE0592 /* hw1_testcase12.png in Resources */,
				C297BE822AA98B6C00AE0592 /* hw1_testcase14.png in Resources */,
				C297BE812AA98B6C00AE0592 /* hw1_testcase16.png in Resources */,
				C297BE7D2AA98B6C00AE0592 /* hw1_testcase18.png in Resources */,
				C297BE832AA98B6C00AE0592 /* hw1_testcase3.png in Resources */,
				C2939EED2AA132CC00B6F9B1 /* LaunchScreen.storyboard in Resources */,
				C2939EEA2AA132CC00B6F9B1 /* Assets.xcassets in Resources */,
				C297BE842AA98B6C00AE0592 /* hw1_testcase11.png in Resources */,
				C297BE7C2AA98B6C00AE0592 /* hw1_testcase17.png in Resources */,
				C297BE2E2AA96CE700AE0592 /* README.md in Resources */,
				C2939EE82AA132CB00B6F9B1 /* Main.storyboard in Resources */,
				C297BE802AA98B6C00AE0592 /* hw1_testcase7.png in Resources */,
				C297BE7B2AA98B6C00AE0592 /* hw1_testcase6.png in Resources */,
			);
			runOnlyForDeploymentPostprocessing = 0;
		};
/* End PBXResourcesBuildPhase section */

/* Begin PBXSourcesBuildPhase section */
		C2939ED92AA132CB00B6F9B1 /* Sources */ = {
			isa = PBXSourcesBuildPhase;
			buildActionMask = 2147483647;
			files = (
				C2939EE52AA132CB00B6F9B1 /* ViewController.swift in Sources */,
				C2939EF82AA78A6300B6F9B1 /* DataStructures.swift in Sources */,
				C2939EF62AA78A4900B6F9B1 /* DataModel.swift in Sources */,
				C2C34C0D2AB0303B00E7B201 /* GradientImageView.swift in Sources */,
				C297BE2C2AA96C4F00AE0592 /* Colors.swift in Sources */,
				C2C34C072AB0006500E7B201 /* GetPath.swift in Sources */,
				C2939EE12AA132CB00B6F9B1 /* AppDelegate.swift in Sources */,
				C297BE2A2AA96BF000AE0592 /* Strings.swift in Sources */,
				C2B3631F2AAFD651007D4A6F /* DukePersonVC.swift in Sources */,
				C2939EE32AA132CB00B6F9B1 /* SceneDelegate.swift in Sources */,
			);
			runOnlyForDeploymentPostprocessing = 0;
		};
/* End PBXSourcesBuildPhase section */

/* Begin PBXVariantGroup section */
		C2939EE62AA132CB00B6F9B1 /* Main.storyboard */ = {
			isa = PBXVariantGroup;
			children = (
				C2939EE72AA132CB00B6F9B1 /* Base */,
			);
			name = Main.storyboard;
			sourceTree = "<group>";
		};
		C2939EEB2AA132CC00B6F9B1 /* LaunchScreen.storyboard */ = {
			isa = PBXVariantGroup;
			children = (
				C2939EEC2AA132CC00B6F9B1 /* Base */,
			);
			name = LaunchScreen.storyboard;
			sourceTree = "<group>";
		};
/* End PBXVariantGroup section */

/* Begin XCBuildConfiguration section */
		C2939EEF2AA132CC00B6F9B1 /* Debug */ = {
			isa = XCBuildConfiguration;
			buildSettings = {
				ALWAYS_SEARCH_USER_PATHS = NO;
				CLANG_ANALYZER_NONNULL = YES;
				CLANG_ANALYZER_NUMBER_OBJECT_CONVERSION = YES_AGGRESSIVE;
				CLANG_CXX_LANGUAGE_STANDARD = "gnu++20";
				CLANG_ENABLE_MODULES = YES;
				CLANG_ENABLE_OBJC_ARC = YES;
				CLANG_ENABLE_OBJC_WEAK = YES;
				CLANG_WARN_BLOCK_CAPTURE_AUTORELEASING = YES;
				CLANG_WARN_BOOL_CONVERSION = YES;
				CLANG_WARN_COMMA = YES;
				CLANG_WARN_CONSTANT_CONVERSION = YES;
				CLANG_WARN_DEPRECATED_OBJC_IMPLEMENTATIONS = YES;
				CLANG_WARN_DIRECT_OBJC_ISA_USAGE = YES_ERROR;
				CLANG_WARN_DOCUMENTATION_COMMENTS = YES;
				CLANG_WARN_EMPTY_BODY = YES;
				CLANG_WARN_ENUM_CONVERSION = YES;
				CLANG_WARN_INFINITE_RECURSION = YES;
				CLANG_WARN_INT_CONVERSION = YES;
				CLANG_WARN_NON_LITERAL_NULL_CONVERSION = YES;
				CLANG_WARN_OBJC_IMPLICIT_RETAIN_SELF = YES;
				CLANG_WARN_OBJC_LITERAL_CONVERSION = YES;
				CLANG_WARN_OBJC_ROOT_CLASS = YES_ERROR;
				CLANG_WARN_QUOTED_INCLUDE_IN_FRAMEWORK_HEADER = YES;
				CLANG_WARN_RANGE_LOOP_ANALYSIS = YES;
				CLANG_WARN_STRICT_PROTOTYPES = YES;
				CLANG_WARN_SUSPICIOUS_MOVE = YES;
				CLANG_WARN_UNGUARDED_AVAILABILITY = YES_AGGRESSIVE;
				CLANG_WARN_UNREACHABLE_CODE = YES;
				CLANG_WARN__DUPLICATE_METHOD_MATCH = YES;
				COPY_PHASE_STRIP = NO;
				DEBUG_INFORMATION_FORMAT = dwarf;
				ENABLE_STRICT_OBJC_MSGSEND = YES;
				ENABLE_TESTABILITY = YES;
				GCC_C_LANGUAGE_STANDARD = gnu11;
				GCC_DYNAMIC_NO_PIC = NO;
				GCC_NO_COMMON_BLOCKS = YES;
				GCC_OPTIMIZATION_LEVEL = 0;
				GCC_PREPROCESSOR_DEFINITIONS = (
					"DEBUG=1",
					"$(inherited)",
				);
				GCC_WARN_64_TO_32_BIT_CONVERSION = YES;
				GCC_WARN_ABOUT_RETURN_TYPE = YES_ERROR;
				GCC_WARN_UNDECLARED_SELECTOR = YES;
				GCC_WARN_UNINITIALIZED_AUTOS = YES_AGGRESSIVE;
				GCC_WARN_UNUSED_FUNCTION = YES;
				GCC_WARN_UNUSED_VARIABLE = YES;
				IPHONEOS_DEPLOYMENT_TARGET = 16.4;
				MTL_ENABLE_DEBUG_INFO = INCLUDE_SOURCE;
				MTL_FAST_MATH = YES;
				ONLY_ACTIVE_ARCH = YES;
				SDKROOT = iphoneos;
				SWIFT_ACTIVE_COMPILATION_CONDITIONS = DEBUG;
				SWIFT_OPTIMIZATION_LEVEL = "-Onone";
			};
			name = Debug;
		};
		C2939EF02AA132CC00B6F9B1 /* Release */ = {
			isa = XCBuildConfiguration;
			buildSettings = {
				ALWAYS_SEARCH_USER_PATHS = NO;
				CLANG_ANALYZER_NONNULL = YES;
				CLANG_ANALYZER_NUMBER_OBJECT_CONVERSION = YES_AGGRESSIVE;
				CLANG_CXX_LANGUAGE_STANDARD = "gnu++20";
				CLANG_ENABLE_MODULES = YES;
				CLANG_ENABLE_OBJC_ARC = YES;
				CLANG_ENABLE_OBJC_WEAK = YES;
				CLANG_WARN_BLOCK_CAPTURE_AUTORELEASING = YES;
				CLANG_WARN_BOOL_CONVERSION = YES;
				CLANG_WARN_COMMA = YES;
				CLANG_WARN_CONSTANT_CONVERSION = YES;
				CLANG_WARN_DEPRECATED_OBJC_IMPLEMENTATIONS = YES;
				CLANG_WARN_DIRECT_OBJC_ISA_USAGE = YES_ERROR;
				CLANG_WARN_DOCUMENTATION_COMMENTS = YES;
				CLANG_WARN_EMPTY_BODY = YES;
				CLANG_WARN_ENUM_CONVERSION = YES;
				CLANG_WARN_INFINITE_RECURSION = YES;
				CLANG_WARN_INT_CONVERSION = YES;
				CLANG_WARN_NON_LITERAL_NULL_CONVERSION = YES;
				CLANG_WARN_OBJC_IMPLICIT_RETAIN_SELF = YES;
				CLANG_WARN_OBJC_LITERAL_CONVERSION = YES;
				CLANG_WARN_OBJC_ROOT_CLASS = YES_ERROR;
				CLANG_WARN_QUOTED_INCLUDE_IN_FRAMEWORK_HEADER = YES;
				CLANG_WARN_RANGE_LOOP_ANALYSIS = YES;
				CLANG_WARN_STRICT_PROTOTYPES = YES;
				CLANG_WARN_SUSPICIOUS_MOVE = YES;
				CLANG_WARN_UNGUARDED_AVAILABILITY = YES_AGGRESSIVE;
				CLANG_WARN_UNREACHABLE_CODE = YES;
				CLANG_WARN__DUPLICATE_METHOD_MATCH = YES;
				COPY_PHASE_STRIP = NO;
				DEBUG_INFORMATION_FORMAT = "dwarf-with-dsym";
				ENABLE_NS_ASSERTIONS = NO;
				ENABLE_STRICT_OBJC_MSGSEND = YES;
				GCC_C_LANGUAGE_STANDARD = gnu11;
				GCC_NO_COMMON_BLOCKS = YES;
				GCC_WARN_64_TO_32_BIT_CONVERSION = YES;
				GCC_WARN_ABOUT_RETURN_TYPE = YES_ERROR;
				GCC_WARN_UNDECLARED_SELECTOR = YES;
				GCC_WARN_UNINITIALIZED_AUTOS = YES_AGGRESSIVE;
				GCC_WARN_UNUSED_FUNCTION = YES;
				GCC_WARN_UNUSED_VARIABLE = YES;
				IPHONEOS_DEPLOYMENT_TARGET = 16.4;
				MTL_ENABLE_DEBUG_INFO = NO;
				MTL_FAST_MATH = YES;
				SDKROOT = iphoneos;
				SWIFT_COMPILATION_MODE = wholemodule;
				SWIFT_OPTIMIZATION_LEVEL = "-O";
				VALIDATE_PRODUCT = YES;
			};
			name = Release;
		};
		C2939EF22AA132CC00B6F9B1 /* Debug */ = {
			isa = XCBuildConfiguration;
			buildSettings = {
				ASSETCATALOG_COMPILER_APPICON_NAME = AppIcon;
				ASSETCATALOG_COMPILER_GLOBAL_ACCENT_COLOR_NAME = AccentColor;
				CODE_SIGN_STYLE = Automatic;
				CURRENT_PROJECT_VERSION = 1;
				DEVELOPMENT_TEAM = "";
				GENERATE_INFOPLIST_FILE = YES;
				INFOPLIST_FILE = DukePeople/Info.plist;
				INFOPLIST_KEY_UIApplicationSupportsIndirectInputEvents = YES;
				INFOPLIST_KEY_UILaunchStoryboardName = LaunchScreen;
				INFOPLIST_KEY_UIMainStoryboardFile = Main;
				INFOPLIST_KEY_UISupportedInterfaceOrientations_iPad = "UIInterfaceOrientationPortrait UIInterfaceOrientationPortraitUpsideDown UIInterfaceOrientationLandscapeLeft UIInterfaceOrientationLandscapeRight";
				INFOPLIST_KEY_UISupportedInterfaceOrientations_iPhone = "UIInterfaceOrientationPortrait UIInterfaceOrientationLandscapeLeft UIInterfaceOrientationLandscapeRight";
				LD_RUNPATH_SEARCH_PATHS = (
					"$(inherited)",
					"@executable_path/Frameworks",
				);
				MARKETING_VERSION = 1.0;
				PRODUCT_BUNDLE_IDENTIFIER = edu.duke.yh342.DukePeople.Hugo;
				PRODUCT_NAME = "$(TARGET_NAME)";
				SWIFT_EMIT_LOC_STRINGS = YES;
				SWIFT_VERSION = 5.0;
				TARGETED_DEVICE_FAMILY = "1,2";
			};
			name = Debug;
		};
		C2939EF32AA132CC00B6F9B1 /* Release */ = {
			isa = XCBuildConfiguration;
			buildSettings = {
				ASSETCATALOG_COMPILER_APPICON_NAME = AppIcon;
				ASSETCATALOG_COMPILER_GLOBAL_ACCENT_COLOR_NAME = AccentColor;
				CODE_SIGN_STYLE = Automatic;
				CURRENT_PROJECT_VERSION = 1;
				DEVELOPMENT_TEAM = "";
				GENERATE_INFOPLIST_FILE = YES;
				INFOPLIST_FILE = DukePeople/Info.plist;
				INFOPLIST_KEY_UIApplicationSupportsIndirectInputEvents = YES;
				INFOPLIST_KEY_UILaunchStoryboardName = LaunchScreen;
				INFOPLIST_KEY_UIMainStoryboardFile = Main;
				INFOPLIST_KEY_UISupportedInterfaceOrientations_iPad = "UIInterfaceOrientationPortrait UIInterfaceOrientationPortraitUpsideDown UIInterfaceOrientationLandscapeLeft UIInterfaceOrientationLandscapeRight";
				INFOPLIST_KEY_UISupportedInterfaceOrientations_iPhone = "UIInterfaceOrientationPortrait UIInterfaceOrientationLandscapeLeft UIInterfaceOrientationLandscapeRight";
				LD_RUNPATH_SEARCH_PATHS = (
					"$(inherited)",
					"@executable_path/Frameworks",
				);
				MARKETING_VERSION = 1.0;
				PRODUCT_BUNDLE_IDENTIFIER = edu.duke.yh342.DukePeople.Hugo;
				PRODUCT_NAME = "$(TARGET_NAME)";
				SWIFT_EMIT_LOC_STRINGS = YES;
				SWIFT_VERSION = 5.0;
				TARGETED_DEVICE_FAMILY = "1,2";
			};
			name = Release;
		};
/* End XCBuildConfiguration section */

/* Begin XCConfigurationList section */
		C2939ED82AA132CB00B6F9B1 /* Build configuration list for PBXProject "DukePeople" */ = {
			isa = XCConfigurationList;
			buildConfigurations = (
				C2939EEF2AA132CC00B6F9B1 /* Debug */,
				C2939EF02AA132CC00B6F9B1 /* Release */,
			);
			defaultConfigurationIsVisible = 0;
			defaultConfigurationName = Release;
		};
		C2939EF12AA132CC00B6F9B1 /* Build configuration list for PBXNativeTarget "Hugo" */ = {
			isa = XCConfigurationList;
			buildConfigurations = (
				C2939EF22AA132CC00B6F9B1 /* Debug */,
				C2939EF32AA132CC00B6F9B1 /* Release */,
			);
			defaultConfigurationIsVisible = 0;
			defaultConfigurationName = Release;
		};
/* End XCConfigurationList section */

/* Begin XCRemoteSwiftPackageReference section */
		C2C34C0E2AB0FEFA00E7B201 /* XCRemoteSwiftPackageReference "BackgroundRemoval" */ = {
			isa = XCRemoteSwiftPackageReference;
			repositoryURL = "https://github.com/Ezaldeen99/BackgroundRemoval.git";
			requirement = {
				branch = main;
				kind = branch;
			};
		};
/* End XCRemoteSwiftPackageReference section */

/* Begin XCSwiftPackageProductDependency section */
		C2C34C0F2AB0FEFA00E7B201 /* BackgroundRemoval */ = {
			isa = XCSwiftPackageProductDependency;
			package = C2C34C0E2AB0FEFA00E7B201 /* XCRemoteSwiftPackageReference "BackgroundRemoval" */;
			productName = BackgroundRemoval;
		};
/* End XCSwiftPackageProductDependency section */
	};
	rootObject = C2939ED52AA132CB00B6F9B1 /* Project object */;
}
